// !$*UTF8*$!
{
	archiveVersion = 1;
	classes = {
	};
	objectVersion = 77;
	objects = {

/* Begin PBXBuildFile section */
		541809B495F07377E07114E4 /* libPods-lich-plus.a in Frameworks */ = {isa = PBXBuildFile; fileRef = 8A80523ECF7A5EEC3AAE646B /* libPods-lich-plus.a */; };
/* End PBXBuildFile section */

/* Begin PBXContainerItemProxy section */
		4DA45EE62ED1090100C1F1F6 /* PBXContainerItemProxy */ = {
			isa = PBXContainerItemProxy;
			containerPortal = 4DA45ECE2ED108FE00C1F1F6 /* Project object */;
			proxyType = 1;
			remoteGlobalIDString = 4DA45ED52ED108FE00C1F1F6;
			remoteInfo = "lich-plus";
		};
		4DA45EF02ED1090100C1F1F6 /* PBXContainerItemProxy */ = {
			isa = PBXContainerItemProxy;
			containerPortal = 4DA45ECE2ED108FE00C1F1F6 /* Project object */;
			proxyType = 1;
			remoteGlobalIDString = 4DA45ED52ED108FE00C1F1F6;
			remoteInfo = "lich-plus";
		};
/* End PBXContainerItemProxy section */

/* Begin PBXFileReference section */
		04D64E0DC387214CE603683A /* Pods-lich-plus.debug.xcconfig */ = {isa = PBXFileReference; includeInIndex = 1; lastKnownFileType = text.xcconfig; name = "Pods-lich-plus.debug.xcconfig"; path = "Target Support Files/Pods-lich-plus/Pods-lich-plus.debug.xcconfig"; sourceTree = "<group>"; };
		100DB59E0A23C1B0F9E436E8 /* Pods-lich-plus.release.xcconfig */ = {isa = PBXFileReference; includeInIndex = 1; lastKnownFileType = text.xcconfig; name = "Pods-lich-plus.release.xcconfig"; path = "Target Support Files/Pods-lich-plus/Pods-lich-plus.release.xcconfig"; sourceTree = "<group>"; };
		4DA45ED62ED108FE00C1F1F6 /* lich-plus.app */ = {isa = PBXFileReference; explicitFileType = wrapper.application; includeInIndex = 0; path = "lich-plus.app"; sourceTree = BUILT_PRODUCTS_DIR; };
		4DA45EE52ED1090100C1F1F6 /* lich-plusTests.xctest */ = {isa = PBXFileReference; explicitFileType = wrapper.cfbundle; includeInIndex = 0; path = "lich-plusTests.xctest"; sourceTree = BUILT_PRODUCTS_DIR; };
		4DA45EEF2ED1090100C1F1F6 /* lich-plusUITests.xctest */ = {isa = PBXFileReference; explicitFileType = wrapper.cfbundle; includeInIndex = 0; path = "lich-plusUITests.xctest"; sourceTree = BUILT_PRODUCTS_DIR; };
		8A80523ECF7A5EEC3AAE646B /* libPods-lich-plus.a */ = {isa = PBXFileReference; explicitFileType = archive.ar; includeInIndex = 0; path = "libPods-lich-plus.a"; sourceTree = BUILT_PRODUCTS_DIR; };
/* End PBXFileReference section */

/* Begin PBXFileSystemSynchronizedRootGroup section */
		4DA45ED82ED108FE00C1F1F6 /* lich-plus */ = {
			isa = PBXFileSystemSynchronizedRootGroup;
			path = "lich-plus";
			sourceTree = "<group>";
		};
		4DA45EE82ED1090100C1F1F6 /* lich-plusTests */ = {
			isa = PBXFileSystemSynchronizedRootGroup;
			path = "lich-plusTests";
			sourceTree = "<group>";
		};
		4DA45EF22ED1090100C1F1F6 /* lich-plusUITests */ = {
			isa = PBXFileSystemSynchronizedRootGroup;
			path = "lich-plusUITests";
			sourceTree = "<group>";
		};
/* End PBXFileSystemSynchronizedRootGroup section */

/* Begin PBXFrameworksBuildPhase section */
		4DA45ED32ED108FE00C1F1F6 /* Frameworks */ = {
			isa = PBXFrameworksBuildPhase;
			buildActionMask = 2147483647;
			files = (
				541809B495F07377E07114E4 /* libPods-lich-plus.a in Frameworks */,
			);
			runOnlyForDeploymentPostprocessing = 0;
		};
		4DA45EE22ED1090100C1F1F6 /* Frameworks */ = {
			isa = PBXFrameworksBuildPhase;
			buildActionMask = 2147483647;
			files = (
			);
			runOnlyForDeploymentPostprocessing = 0;
		};
		4DA45EEC2ED1090100C1F1F6 /* Frameworks */ = {
			isa = PBXFrameworksBuildPhase;
			buildActionMask = 2147483647;
			files = (
			);
			runOnlyForDeploymentPostprocessing = 0;
		};
/* End PBXFrameworksBuildPhase section */

/* Begin PBXGroup section */
		4DA45ECD2ED108FE00C1F1F6 = {
			isa = PBXGroup;
			children = (
				4DA45ED82ED108FE00C1F1F6 /* lich-plus */,
				4DA45EE82ED1090100C1F1F6 /* lich-plusTests */,
				4DA45EF22ED1090100C1F1F6 /* lich-plusUITests */,
				4DA45ED72ED108FE00C1F1F6 /* Products */,
				B61846DBCAB36AF202AC2C2A /* Pods */,
				8E194925854EB74C7C7B1209 /* Frameworks */,
			);
			sourceTree = "<group>";
		};
		4DA45ED72ED108FE00C1F1F6 /* Products */ = {
			isa = PBXGroup;
			children = (
				4DA45ED62ED108FE00C1F1F6 /* lich-plus.app */,
				4DA45EE52ED1090100C1F1F6 /* lich-plusTests.xctest */,
				4DA45EEF2ED1090100C1F1F6 /* lich-plusUITests.xctest */,
			);
			name = Products;
			sourceTree = "<group>";
		};
		8E194925854EB74C7C7B1209 /* Frameworks */ = {
			isa = PBXGroup;
			children = (
				8A80523ECF7A5EEC3AAE646B /* libPods-lich-plus.a */,
			);
			name = Frameworks;
			sourceTree = "<group>";
		};
		B61846DBCAB36AF202AC2C2A /* Pods */ = {
			isa = PBXGroup;
			children = (
				04D64E0DC387214CE603683A /* Pods-lich-plus.debug.xcconfig */,
				100DB59E0A23C1B0F9E436E8 /* Pods-lich-plus.release.xcconfig */,
			);
			path = Pods;
			sourceTree = "<group>";
		};
/* End PBXGroup section */

/* Begin PBXNativeTarget section */
		4DA45ED52ED108FE00C1F1F6 /* lich-plus */ = {
			isa = PBXNativeTarget;
			buildConfigurationList = 4DA45EF92ED1090100C1F1F6 /* Build configuration list for PBXNativeTarget "lich-plus" */;
			buildPhases = (
				CC851A37C6357CC18A38CD4B /* [CP] Check Pods Manifest.lock */,
				4DA45ED22ED108FE00C1F1F6 /* Sources */,
				4DA45ED32ED108FE00C1F1F6 /* Frameworks */,
				4DA45ED42ED108FE00C1F1F6 /* Resources */,
			);
			buildRules = (
			);
			dependencies = (
			);
			fileSystemSynchronizedGroups = (
				4DA45ED82ED108FE00C1F1F6 /* lich-plus */,
			);
			name = "lich-plus";
			productName = "lich-plus";
			productReference = 4DA45ED62ED108FE00C1F1F6 /* lich-plus.app */;
			productType = "com.apple.product-type.application";
		};
		4DA45EE42ED1090100C1F1F6 /* lich-plusTests */ = {
			isa = PBXNativeTarget;
			buildConfigurationList = 4DA45EFC2ED1090100C1F1F6 /* Build configuration list for PBXNativeTarget "lich-plusTests" */;
			buildPhases = (
				4DA45EE12ED1090100C1F1F6 /* Sources */,
				4DA45EE22ED1090100C1F1F6 /* Frameworks */,
				4DA45EE32ED1090100C1F1F6 /* Resources */,
			);
			buildRules = (
			);
			dependencies = (
				4DA45EE72ED1090100C1F1F6 /* PBXTargetDependency */,
			);
			fileSystemSynchronizedGroups = (
				4DA45EE82ED1090100C1F1F6 /* lich-plusTests */,
			);
			name = "lich-plusTests";
			productName = "lich-plusTests";
			productReference = 4DA45EE52ED1090100C1F1F6 /* lich-plusTests.xctest */;
			productType = "com.apple.product-type.bundle.unit-test";
		};
		4DA45EEE2ED1090100C1F1F6 /* lich-plusUITests */ = {
			isa = PBXNativeTarget;
			buildConfigurationList = 4DA45EFF2ED1090100C1F1F6 /* Build configuration list for PBXNativeTarget "lich-plusUITests" */;
			buildPhases = (
				4DA45EEB2ED1090100C1F1F6 /* Sources */,
				4DA45EEC2ED1090100C1F1F6 /* Frameworks */,
				4DA45EED2ED1090100C1F1F6 /* Resources */,
			);
			buildRules = (
			);
			dependencies = (
				4DA45EF12ED1090100C1F1F6 /* PBXTargetDependency */,
			);
			fileSystemSynchronizedGroups = (
				4DA45EF22ED1090100C1F1F6 /* lich-plusUITests */,
			);
			name = "lich-plusUITests";
			productName = "lich-plusUITests";
			productReference = 4DA45EEF2ED1090100C1F1F6 /* lich-plusUITests.xctest */;
			productType = "com.apple.product-type.bundle.ui-testing";
		};
/* End PBXNativeTarget section */

/* Begin PBXProject section */
		4DA45ECE2ED108FE00C1F1F6 /* Project object */ = {
			isa = PBXProject;
			attributes = {
				BuildIndependentTargetsInParallel = 1;
				LastSwiftUpdateCheck = 2600;
				LastUpgradeCheck = 2600;
				TargetAttributes = {
					4DA45ED52ED108FE00C1F1F6 = {
						CreatedOnToolsVersion = 26.0.1;
					};
					4DA45EE42ED1090100C1F1F6 = {
						CreatedOnToolsVersion = 26.0.1;
						TestTargetID = 4DA45ED52ED108FE00C1F1F6;
					};
					4DA45EEE2ED1090100C1F1F6 = {
						CreatedOnToolsVersion = 26.0.1;
						TestTargetID = 4DA45ED52ED108FE00C1F1F6;
					};
				};
			};
			buildConfigurationList = 4DA45ED12ED108FE00C1F1F6 /* Build configuration list for PBXProject "lich-plus" */;
			developmentRegion = en;
			hasScannedForEncodings = 0;
			knownRegions = (
				en,
				Base,
			);
			mainGroup = 4DA45ECD2ED108FE00C1F1F6;
			minimizedProjectReferenceProxies = 1;
			preferredProjectObjectVersion = 77;
			productRefGroup = 4DA45ED72ED108FE00C1F1F6 /* Products */;
			projectDirPath = "";
			projectRoot = "";
			targets = (
				4DA45ED52ED108FE00C1F1F6 /* lich-plus */,
				4DA45EE42ED1090100C1F1F6 /* lich-plusTests */,
				4DA45EEE2ED1090100C1F1F6 /* lich-plusUITests */,
			);
		};
/* End PBXProject section */

/* Begin PBXResourcesBuildPhase section */
		4DA45ED42ED108FE00C1F1F6 /* Resources */ = {
			isa = PBXResourcesBuildPhase;
			buildActionMask = 2147483647;
			files = (
			);
			runOnlyForDeploymentPostprocessing = 0;
		};
		4DA45EE32ED1090100C1F1F6 /* Resources */ = {
			isa = PBXResourcesBuildPhase;
			buildActionMask = 2147483647;
			files = (
			);
			runOnlyForDeploymentPostprocessing = 0;
		};
		4DA45EED2ED1090100C1F1F6 /* Resources */ = {
			isa = PBXResourcesBuildPhase;
			buildActionMask = 2147483647;
			files = (
			);
			runOnlyForDeploymentPostprocessing = 0;
		};
/* End PBXResourcesBuildPhase section */

/* Begin PBXShellScriptBuildPhase section */
		CC851A37C6357CC18A38CD4B /* [CP] Check Pods Manifest.lock */ = {
			isa = PBXShellScriptBuildPhase;
			buildActionMask = 2147483647;
			files = (
			);
			inputFileListPaths = (
			);
			inputPaths = (
				"${PODS_PODFILE_DIR_PATH}/Podfile.lock",
				"${PODS_ROOT}/Manifest.lock",
			);
			name = "[CP] Check Pods Manifest.lock";
			outputFileListPaths = (
			);
			outputPaths = (
				"$(DERIVED_FILE_DIR)/Pods-lich-plus-checkManifestLockResult.txt",
			);
			runOnlyForDeploymentPostprocessing = 0;
			shellPath = /bin/sh;
			shellScript = "diff \"${PODS_PODFILE_DIR_PATH}/Podfile.lock\" \"${PODS_ROOT}/Manifest.lock\" > /dev/null\nif [ $? != 0 ] ; then\n    # print error to STDERR\n    echo \"error: The sandbox is not in sync with the Podfile.lock. Run 'pod install' or update your CocoaPods installation.\" >&2\n    exit 1\nfi\n# This output is used by Xcode 'outputs' to avoid re-running this script phase.\necho \"SUCCESS\" > \"${SCRIPT_OUTPUT_FILE_0}\"\n";
			showEnvVarsInLog = 0;
		};
/* End PBXShellScriptBuildPhase section */

/* Begin PBXSourcesBuildPhase section */
		4DA45ED22ED108FE00C1F1F6 /* Sources */ = {
			isa = PBXSourcesBuildPhase;
			buildActionMask = 2147483647;
			files = (
			);
			runOnlyForDeploymentPostprocessing = 0;
		};
		4DA45EE12ED1090100C1F1F6 /* Sources */ = {
			isa = PBXSourcesBuildPhase;
			buildActionMask = 2147483647;
			files = (
			);
			runOnlyForDeploymentPostprocessing = 0;
		};
		4DA45EEB2ED1090100C1F1F6 /* Sources */ = {
			isa = PBXSourcesBuildPhase;
			buildActionMask = 2147483647;
			files = (
			);
			runOnlyForDeploymentPostprocessing = 0;
		};
/* End PBXSourcesBuildPhase section */

/* Begin PBXTargetDependency section */
		4DA45EE72ED1090100C1F1F6 /* PBXTargetDependency */ = {
			isa = PBXTargetDependency;
			target = 4DA45ED52ED108FE00C1F1F6 /* lich-plus */;
			targetProxy = 4DA45EE62ED1090100C1F1F6 /* PBXContainerItemProxy */;
		};
		4DA45EF12ED1090100C1F1F6 /* PBXTargetDependency */ = {
			isa = PBXTargetDependency;
			target = 4DA45ED52ED108FE00C1F1F6 /* lich-plus */;
			targetProxy = 4DA45EF02ED1090100C1F1F6 /* PBXContainerItemProxy */;
		};
/* End PBXTargetDependency section */

/* Begin XCBuildConfiguration section */
		4DA45EF72ED1090100C1F1F6 /* Debug */ = {
			isa = XCBuildConfiguration;
			buildSettings = {
				ALWAYS_SEARCH_USER_PATHS = NO;
				ASSETCATALOG_COMPILER_GENERATE_SWIFT_ASSET_SYMBOL_EXTENSIONS = YES;
				CLANG_ANALYZER_NONNULL = YES;
				CLANG_ANALYZER_NUMBER_OBJECT_CONVERSION = YES_AGGRESSIVE;
				CLANG_CXX_LANGUAGE_STANDARD = "gnu++20";
				CLANG_ENABLE_MODULES = YES;
				CLANG_ENABLE_OBJC_ARC = YES;
				CLANG_ENABLE_OBJC_WEAK = YES;
				CLANG_WARN_BLOCK_CAPTURE_AUTORELEASING = YES;
				CLANG_WARN_BOOL_CONVERSION = YES;
				CLANG_WARN_COMMA = YES;
				CLANG_WARN_CONSTANT_CONVERSION = YES;
				CLANG_WARN_DEPRECATED_OBJC_IMPLEMENTATIONS = YES;
				CLANG_WARN_DIRECT_OBJC_ISA_USAGE = YES_ERROR;
				CLANG_WARN_DOCUMENTATION_COMMENTS = YES;
				CLANG_WARN_EMPTY_BODY = YES;
				CLANG_WARN_ENUM_CONVERSION = YES;
				CLANG_WARN_INFINITE_RECURSION = YES;
				CLANG_WARN_INT_CONVERSION = YES;
				CLANG_WARN_NON_LITERAL_NULL_CONVERSION = YES;
				CLANG_WARN_OBJC_IMPLICIT_RETAIN_SELF = YES;
				CLANG_WARN_OBJC_LITERAL_CONVERSION = YES;
				CLANG_WARN_OBJC_ROOT_CLASS = YES_ERROR;
				CLANG_WARN_QUOTED_INCLUDE_IN_FRAMEWORK_HEADER = YES;
				CLANG_WARN_RANGE_LOOP_ANALYSIS = YES;
				CLANG_WARN_STRICT_PROTOTYPES = YES;
				CLANG_WARN_SUSPICIOUS_MOVE = YES;
				CLANG_WARN_UNGUARDED_AVAILABILITY = YES_AGGRESSIVE;
				CLANG_WARN_UNREACHABLE_CODE = YES;
				CLANG_WARN__DUPLICATE_METHOD_MATCH = YES;
				COPY_PHASE_STRIP = NO;
				DEBUG_INFORMATION_FORMAT = dwarf;
				ENABLE_STRICT_OBJC_MSGSEND = YES;
				ENABLE_TESTABILITY = YES;
				ENABLE_USER_SCRIPT_SANDBOXING = YES;
				GCC_C_LANGUAGE_STANDARD = gnu17;
				GCC_DYNAMIC_NO_PIC = NO;
				GCC_NO_COMMON_BLOCKS = YES;
				GCC_OPTIMIZATION_LEVEL = 0;
				GCC_PREPROCESSOR_DEFINITIONS = (
					"DEBUG=1",
					"$(inherited)",
				);
				GCC_WARN_64_TO_32_BIT_CONVERSION = YES;
				GCC_WARN_ABOUT_RETURN_TYPE = YES_ERROR;
				GCC_WARN_UNDECLARED_SELECTOR = YES;
				GCC_WARN_UNINITIALIZED_AUTOS = YES_AGGRESSIVE;
				GCC_WARN_UNUSED_FUNCTION = YES;
				GCC_WARN_UNUSED_VARIABLE = YES;
				IPHONEOS_DEPLOYMENT_TARGET = 17.0;
				LOCALIZATION_PREFERS_STRING_CATALOGS = YES;
				MTL_ENABLE_DEBUG_INFO = INCLUDE_SOURCE;
				MTL_FAST_MATH = YES;
				ONLY_ACTIVE_ARCH = YES;
				SDKROOT = iphoneos;
				SWIFT_ACTIVE_COMPILATION_CONDITIONS = "DEBUG $(inherited)";
				SWIFT_OPTIMIZATION_LEVEL = "-Onone";
			};
			name = Debug;
		};
		4DA45EF82ED1090100C1F1F6 /* Release */ = {
			isa = XCBuildConfiguration;
			buildSettings = {
				ALWAYS_SEARCH_USER_PATHS = NO;
				ASSETCATALOG_COMPILER_GENERATE_SWIFT_ASSET_SYMBOL_EXTENSIONS = YES;
				CLANG_ANALYZER_NONNULL = YES;
				CLANG_ANALYZER_NUMBER_OBJECT_CONVERSION = YES_AGGRESSIVE;
				CLANG_CXX_LANGUAGE_STANDARD = "gnu++20";
				CLANG_ENABLE_MODULES = YES;
				CLANG_ENABLE_OBJC_ARC = YES;
				CLANG_ENABLE_OBJC_WEAK = YES;
				CLANG_WARN_BLOCK_CAPTURE_AUTORELEASING = YES;
				CLANG_WARN_BOOL_CONVERSION = YES;
				CLANG_WARN_COMMA = YES;
				CLANG_WARN_CONSTANT_CONVERSION = YES;
				CLANG_WARN_DEPRECATED_OBJC_IMPLEMENTATIONS = YES;
				CLANG_WARN_DIRECT_OBJC_ISA_USAGE = YES_ERROR;
				CLANG_WARN_DOCUMENTATION_COMMENTS = YES;
				CLANG_WARN_EMPTY_BODY = YES;
				CLANG_WARN_ENUM_CONVERSION = YES;
				CLANG_WARN_INFINITE_RECURSION = YES;
				CLANG_WARN_INT_CONVERSION = YES;
				CLANG_WARN_NON_LITERAL_NULL_CONVERSION = YES;
				CLANG_WARN_OBJC_IMPLICIT_RETAIN_SELF = YES;
				CLANG_WARN_OBJC_LITERAL_CONVERSION = YES;
				CLANG_WARN_OBJC_ROOT_CLASS = YES_ERROR;
				CLANG_WARN_QUOTED_INCLUDE_IN_FRAMEWORK_HEADER = YES;
				CLANG_WARN_RANGE_LOOP_ANALYSIS = YES;
				CLANG_WARN_STRICT_PROTOTYPES = YES;
				CLANG_WARN_SUSPICIOUS_MOVE = YES;
				CLANG_WARN_UNGUARDED_AVAILABILITY = YES_AGGRESSIVE;
				CLANG_WARN_UNREACHABLE_CODE = YES;
				CLANG_WARN__DUPLICATE_METHOD_MATCH = YES;
				COPY_PHASE_STRIP = NO;
				DEBUG_INFORMATION_FORMAT = "dwarf-with-dsym";
				ENABLE_NS_ASSERTIONS = NO;
				ENABLE_STRICT_OBJC_MSGSEND = YES;
				ENABLE_USER_SCRIPT_SANDBOXING = YES;
				GCC_C_LANGUAGE_STANDARD = gnu17;
				GCC_NO_COMMON_BLOCKS = YES;
				GCC_WARN_64_TO_32_BIT_CONVERSION = YES;
				GCC_WARN_ABOUT_RETURN_TYPE = YES_ERROR;
				GCC_WARN_UNDECLARED_SELECTOR = YES;
				GCC_WARN_UNINITIALIZED_AUTOS = YES_AGGRESSIVE;
				GCC_WARN_UNUSED_FUNCTION = YES;
				GCC_WARN_UNUSED_VARIABLE = YES;
				IPHONEOS_DEPLOYMENT_TARGET = 17.0;
				LOCALIZATION_PREFERS_STRING_CATALOGS = YES;
				MTL_ENABLE_DEBUG_INFO = NO;
				MTL_FAST_MATH = YES;
				SDKROOT = iphoneos;
				SWIFT_COMPILATION_MODE = wholemodule;
				VALIDATE_PRODUCT = YES;
			};
			name = Release;
		};
		4DA45EFA2ED1090100C1F1F6 /* Debug */ = {
			isa = XCBuildConfiguration;
			baseConfigurationReference = 04D64E0DC387214CE603683A /* Pods-lich-plus.debug.xcconfig */;
			buildSettings = {
				ASSETCATALOG_COMPILER_APPICON_NAME = AppIcon;
				ASSETCATALOG_COMPILER_GLOBAL_ACCENT_COLOR_NAME = AccentColor;
				CODE_SIGN_STYLE = Automatic;
				CURRENT_PROJECT_VERSION = 1;
				ENABLE_PREVIEWS = YES;
				GENERATE_INFOPLIST_FILE = YES;
				INFOPLIST_KEY_UIApplicationSceneManifest_Generation = YES;
				INFOPLIST_KEY_UIApplicationSupportsIndirectInputEvents = YES;
				INFOPLIST_KEY_UILaunchScreen_Generation = YES;
				INFOPLIST_KEY_UISupportedInterfaceOrientations_iPad = "UIInterfaceOrientationPortrait UIInterfaceOrientationPortraitUpsideDown UIInterfaceOrientationLandscapeLeft UIInterfaceOrientationLandscapeRight";
				INFOPLIST_KEY_UISupportedInterfaceOrientations_iPhone = "UIInterfaceOrientationPortrait UIInterfaceOrientationLandscapeLeft UIInterfaceOrientationLandscapeRight";
				LD_RUNPATH_SEARCH_PATHS = (
					"$(inherited)",
					"@executable_path/Frameworks",
				);
				MARKETING_VERSION = 1.0;
				PRODUCT_BUNDLE_IDENTIFIER = "com.qtran.lich-plus";
				PRODUCT_NAME = "$(TARGET_NAME)";
				STRING_CATALOG_GENERATE_SYMBOLS = YES;
				SWIFT_APPROACHABLE_CONCURRENCY = YES;
				SWIFT_DEFAULT_ACTOR_ISOLATION = MainActor;
				SWIFT_EMIT_LOC_STRINGS = YES;
				SWIFT_UPCOMING_FEATURE_MEMBER_IMPORT_VISIBILITY = YES;
				SWIFT_VERSION = 5.0;
				TARGETED_DEVICE_FAMILY = "1,2";
			};
			name = Debug;
		};
		4DA45EFB2ED1090100C1F1F6 /* Release */ = {
			isa = XCBuildConfiguration;
			baseConfigurationReference = 100DB59E0A23C1B0F9E436E8 /* Pods-lich-plus.release.xcconfig */;
			buildSettings = {
				ASSETCATALOG_COMPILER_APPICON_NAME = AppIcon;
				ASSETCATALOG_COMPILER_GLOBAL_ACCENT_COLOR_NAME = AccentColor;
				CODE_SIGN_STYLE = Automatic;
				CURRENT_PROJECT_VERSION = 1;
				ENABLE_PREVIEWS = YES;
				GENERATE_INFOPLIST_FILE = YES;
				INFOPLIST_KEY_UIApplicationSceneManifest_Generation = YES;
				INFOPLIST_KEY_UIApplicationSupportsIndirectInputEvents = YES;
				INFOPLIST_KEY_UILaunchScreen_Generation = YES;
				INFOPLIST_KEY_UISupportedInterfaceOrientations_iPad = "UIInterfaceOrientationPortrait UIInterfaceOrientationPortraitUpsideDown UIInterfaceOrientationLandscapeLeft UIInterfaceOrientationLandscapeRight";
				INFOPLIST_KEY_UISupportedInterfaceOrientations_iPhone = "UIInterfaceOrientationPortrait UIInterfaceOrientationLandscapeLeft UIInterfaceOrientationLandscapeRight";
				LD_RUNPATH_SEARCH_PATHS = (
					"$(inherited)",
					"@executable_path/Frameworks",
				);
				MARKETING_VERSION = 1.0;
				PRODUCT_BUNDLE_IDENTIFIER = "com.qtran.lich-plus";
				PRODUCT_NAME = "$(TARGET_NAME)";
				STRING_CATALOG_GENERATE_SYMBOLS = YES;
				SWIFT_APPROACHABLE_CONCURRENCY = YES;
				SWIFT_DEFAULT_ACTOR_ISOLATION = MainActor;
				SWIFT_EMIT_LOC_STRINGS = YES;
				SWIFT_UPCOMING_FEATURE_MEMBER_IMPORT_VISIBILITY = YES;
				SWIFT_VERSION = 5.0;
				TARGETED_DEVICE_FAMILY = "1,2";
			};
			name = Release;
		};
		4DA45EFD2ED1090100C1F1F6 /* Debug */ = {
			isa = XCBuildConfiguration;
			buildSettings = {
				BUNDLE_LOADER = "$(TEST_HOST)";
				CODE_SIGN_STYLE = Automatic;
				CURRENT_PROJECT_VERSION = 1;
				GENERATE_INFOPLIST_FILE = YES;
				IPHONEOS_DEPLOYMENT_TARGET = 17.0;
				MARKETING_VERSION = 1.0;
				PRODUCT_BUNDLE_IDENTIFIER = "com.qtran.lich-plusTests";
				PRODUCT_NAME = "$(TARGET_NAME)";
				STRING_CATALOG_GENERATE_SYMBOLS = NO;
				SWIFT_APPROACHABLE_CONCURRENCY = YES;
				SWIFT_EMIT_LOC_STRINGS = NO;
				SWIFT_UPCOMING_FEATURE_MEMBER_IMPORT_VISIBILITY = YES;
				SWIFT_VERSION = 5.0;
				TARGETED_DEVICE_FAMILY = "1,2";
				TEST_HOST = "$(BUILT_PRODUCTS_DIR)/lich-plus.app/$(BUNDLE_EXECUTABLE_FOLDER_PATH)/lich-plus";
			};
			name = Debug;
		};
		4DA45EFE2ED1090100C1F1F6 /* Release */ = {
			isa = XCBuildConfiguration;
			buildSettings = {
				BUNDLE_LOADER = "$(TEST_HOST)";
				CODE_SIGN_STYLE = Automatic;
				CURRENT_PROJECT_VERSION = 1;
				GENERATE_INFOPLIST_FILE = YES;
				IPHONEOS_DEPLOYMENT_TARGET = 17.0;
				MARKETING_VERSION = 1.0;
				PRODUCT_BUNDLE_IDENTIFIER = "com.qtran.lich-plusTests";
				PRODUCT_NAME = "$(TARGET_NAME)";
				STRING_CATALOG_GENERATE_SYMBOLS = NO;
				SWIFT_APPROACHABLE_CONCURRENCY = YES;
				SWIFT_EMIT_LOC_STRINGS = NO;
				SWIFT_UPCOMING_FEATURE_MEMBER_IMPORT_VISIBILITY = YES;
				SWIFT_VERSION = 5.0;
				TARGETED_DEVICE_FAMILY = "1,2";
				TEST_HOST = "$(BUILT_PRODUCTS_DIR)/lich-plus.app/$(BUNDLE_EXECUTABLE_FOLDER_PATH)/lich-plus";
			};
			name = Release;
		};
		4DA45F002ED1090100C1F1F6 /* Debug */ = {
			isa = XCBuildConfiguration;
			buildSettings = {
				CODE_SIGN_STYLE = Automatic;
				CURRENT_PROJECT_VERSION = 1;
				GENERATE_INFOPLIST_FILE = YES;
				MARKETING_VERSION = 1.0;
				PRODUCT_BUNDLE_IDENTIFIER = "com.qtran.lich-plusUITests";
				PRODUCT_NAME = "$(TARGET_NAME)";
				STRING_CATALOG_GENERATE_SYMBOLS = NO;
				SWIFT_APPROACHABLE_CONCURRENCY = YES;
				SWIFT_EMIT_LOC_STRINGS = NO;
				SWIFT_UPCOMING_FEATURE_MEMBER_IMPORT_VISIBILITY = YES;
				SWIFT_VERSION = 5.0;
				TARGETED_DEVICE_FAMILY = "1,2";
				TEST_TARGET_NAME = "lich-plus";
			};
			name = Debug;
		};
		4DA45F012ED1090100C1F1F6 /* Release */ = {
			isa = XCBuildConfiguration;
			buildSettings = {
				CODE_SIGN_STYLE = Automatic;
				CURRENT_PROJECT_VERSION = 1;
				GENERATE_INFOPLIST_FILE = YES;
				MARKETING_VERSION = 1.0;
				PRODUCT_BUNDLE_IDENTIFIER = "com.qtran.lich-plusUITests";
				PRODUCT_NAME = "$(TARGET_NAME)";
				STRING_CATALOG_GENERATE_SYMBOLS = NO;
				SWIFT_APPROACHABLE_CONCURRENCY = YES;
				SWIFT_EMIT_LOC_STRINGS = NO;
				SWIFT_UPCOMING_FEATURE_MEMBER_IMPORT_VISIBILITY = YES;
				SWIFT_VERSION = 5.0;
				TARGETED_DEVICE_FAMILY = "1,2";
				TEST_TARGET_NAME = "lich-plus";
			};
			name = Release;
		};
/* End XCBuildConfiguration section */

/* Begin XCConfigurationList section */
		4DA45ED12ED108FE00C1F1F6 /* Build configuration list for PBXProject "lich-plus" */ = {
			isa = XCConfigurationList;
			buildConfigurations = (
				4DA45EF72ED1090100C1F1F6 /* Debug */,
				4DA45EF82ED1090100C1F1F6 /* Release */,
			);
			defaultConfigurationIsVisible = 0;
			defaultConfigurationName = Release;
		};
		4DA45EF92ED1090100C1F1F6 /* Build configuration list for PBXNativeTarget "lich-plus" */ = {
			isa = XCConfigurationList;
			buildConfigurations = (
				4DA45EFA2ED1090100C1F1F6 /* Debug */,
				4DA45EFB2ED1090100C1F1F6 /* Release */,
			);
			defaultConfigurationIsVisible = 0;
			defaultConfigurationName = Release;
		};
		4DA45EFC2ED1090100C1F1F6 /* Build configuration list for PBXNativeTarget "lich-plusTests" */ = {
			isa = XCConfigurationList;
			buildConfigurations = (
				4DA45EFD2ED1090100C1F1F6 /* Debug */,
				4DA45EFE2ED1090100C1F1F6 /* Release */,
			);
			defaultConfigurationIsVisible = 0;
			defaultConfigurationName = Release;
		};
		4DA45EFF2ED1090100C1F1F6 /* Build configuration list for PBXNativeTarget "lich-plusUITests" */ = {
			isa = XCConfigurationList;
			buildConfigurations = (
				4DA45F002ED1090100C1F1F6 /* Debug */,
				4DA45F012ED1090100C1F1F6 /* Release */,
			);
			defaultConfigurationIsVisible = 0;
			defaultConfigurationName = Release;
		};
/* End XCConfigurationList section */
	};
	rootObject = 4DA45ECE2ED108FE00C1F1F6 /* Project object */;
}
