// !$*UTF8*$!
{
	archiveVersion = 1;
	classes = {
	};
	objectVersion = 77;
	objects = {

/* Begin PBXBuildFile section */
		C63ECA53367BF224122B1CD5 /* libPods-lich-plus.a in Frameworks */ = {isa = PBXBuildFile; fileRef = EB89303E18829DA587A5C91F /* libPods-lich-plus.a */; };
		DE5B0E9D3EDCDB9C25DB164A /* libPods-lich-plusTests.a in Frameworks */ = {isa = PBXBuildFile; fileRef = FF797DDCB19A1578F299626B /* libPods-lich-plusTests.a */; };
/* End PBXBuildFile section */

/* Begin PBXContainerItemProxy section */
		4DA45EE62ED1090100C1F1F6 /* PBXContainerItemProxy */ = {
			isa = PBXContainerItemProxy;
			containerPortal = 4DA45ECE2ED108FE00C1F1F6 /* Project object */;
			proxyType = 1;
			remoteGlobalIDString = 4DA45ED52ED108FE00C1F1F6;
			remoteInfo = "lich-plus";
		};
/* End PBXContainerItemProxy section */

/* Begin PBXFileReference section */
		02D11C390F88348BF8025516 /* Pods-lich-plus.release.xcconfig */ = {isa = PBXFileReference; includeInIndex = 1; lastKnownFileType = text.xcconfig; name = "Pods-lich-plus.release.xcconfig"; path = "Target Support Files/Pods-lich-plus/Pods-lich-plus.release.xcconfig"; sourceTree = "<group>"; };
		20F724D6314ADC623454FBC8 /* Pods-lich-plusTests.release.xcconfig */ = {isa = PBXFileReference; includeInIndex = 1; lastKnownFileType = text.xcconfig; name = "Pods-lich-plusTests.release.xcconfig"; path = "Target Support Files/Pods-lich-plusTests/Pods-lich-plusTests.release.xcconfig"; sourceTree = "<group>"; };
		4DA45ED62ED108FE00C1F1F6 /* lich-plus.app */ = {isa = PBXFileReference; explicitFileType = wrapper.application; includeInIndex = 0; path = "lich-plus.app"; sourceTree = BUILT_PRODUCTS_DIR; };
		4DA45EE52ED1090100C1F1F6 /* lich-plusTests.xctest */ = {isa = PBXFileReference; explicitFileType = wrapper.cfbundle; includeInIndex = 0; path = "lich-plusTests.xctest"; sourceTree = BUILT_PRODUCTS_DIR; };
		53B38117964375E88CD6D9F0 /* Pods-lich-plus.debug.xcconfig */ = {isa = PBXFileReference; includeInIndex = 1; lastKnownFileType = text.xcconfig; name = "Pods-lich-plus.debug.xcconfig"; path = "Target Support Files/Pods-lich-plus/Pods-lich-plus.debug.xcconfig"; sourceTree = "<group>"; };
		A9297472D9054D213B4F2E5A /* Pods-lich-plusTests.debug.xcconfig */ = {isa = PBXFileReference; includeInIndex = 1; lastKnownFileType = text.xcconfig; name = "Pods-lich-plusTests.debug.xcconfig"; path = "Target Support Files/Pods-lich-plusTests/Pods-lich-plusTests.debug.xcconfig"; sourceTree = "<group>"; };
		EB89303E18829DA587A5C91F /* libPods-lich-plus.a */ = {isa = PBXFileReference; explicitFileType = archive.ar; includeInIndex = 0; path = "libPods-lich-plus.a"; sourceTree = BUILT_PRODUCTS_DIR; };
		FF797DDCB19A1578F299626B /* libPods-lich-plusTests.a */ = {isa = PBXFileReference; explicitFileType = archive.ar; includeInIndex = 0; path = "libPods-lich-plusTests.a"; sourceTree = BUILT_PRODUCTS_DIR; };
/* End PBXFileReference section */

/* Begin PBXFileSystemSynchronizedBuildFileExceptionSet section */
		4DDBFDF22ED8F66900B892E0 /* Exceptions for "lich-plus" folder in "lich-plus" target */ = {
			isa = PBXFileSystemSynchronizedBuildFileExceptionSet;
			membershipExceptions = (
				Info.plist,
			);
			target = 4DA45ED52ED108FE00C1F1F6 /* lich-plus */;
		};
/* End PBXFileSystemSynchronizedBuildFileExceptionSet section */

/* Begin PBXFileSystemSynchronizedRootGroup section */
		4DA45ED82ED108FE00C1F1F6 /* lich-plus */ = {
			isa = PBXFileSystemSynchronizedRootGroup;
			exceptions = (
				4DDBFDF22ED8F66900B892E0 /* Exceptions for "lich-plus" folder in "lich-plus" target */,
			);
			path = "lich-plus";
			sourceTree = "<group>";
		};
		4DA45EE82ED1090100C1F1F6 /* lich-plusTests */ = {
			isa = PBXFileSystemSynchronizedRootGroup;
			exceptions = (
			);
			path = "lich-plusTests";
			sourceTree = "<group>";
		};
/* End PBXFileSystemSynchronizedRootGroup section */

/* Begin PBXFrameworksBuildPhase section */
		4DA45ED32ED108FE00C1F1F6 /* Frameworks */ = {
			isa = PBXFrameworksBuildPhase;
			buildActionMask = 2147483647;
			files = (
				C63ECA53367BF224122B1CD5 /* libPods-lich-plus.a in Frameworks */,
			);
			runOnlyForDeploymentPostprocessing = 0;
		};
		4DA45EE22ED1090100C1F1F6 /* Frameworks */ = {
			isa = PBXFrameworksBuildPhase;
			buildActionMask = 2147483647;
			files = (
				DE5B0E9D3EDCDB9C25DB164A /* libPods-lich-plusTests.a in Frameworks */,
			);
			runOnlyForDeploymentPostprocessing = 0;
		};
/* End PBXFrameworksBuildPhase section */

/* Begin PBXGroup section */
		4DA45ECD2ED108FE00C1F1F6 = {
			isa = PBXGroup;
			children = (
				4DA45ED82ED108FE00C1F1F6 /* lich-plus */,
				4DA45EE82ED1090100C1F1F6 /* lich-plusTests */,
				4DA45ED72ED108FE00C1F1F6 /* Products */,
				B61846DBCAB36AF202AC2C2A /* Pods */,
				5BDC130C5906D3ECFB1762E0 /* Frameworks */,
			);
			sourceTree = "<group>";
		};
		4DA45ED72ED108FE00C1F1F6 /* Products */ = {
			isa = PBXGroup;
			children = (
				4DA45ED62ED108FE00C1F1F6 /* lich-plus.app */,
				4DA45EE52ED1090100C1F1F6 /* lich-plusTests.xctest */,
			);
			name = Products;
			sourceTree = "<group>";
		};
		5BDC130C5906D3ECFB1762E0 /* Frameworks */ = {
			isa = PBXGroup;
			children = (
				EB89303E18829DA587A5C91F /* libPods-lich-plus.a */,
				FF797DDCB19A1578F299626B /* libPods-lich-plusTests.a */,
			);
			name = Frameworks;
			sourceTree = "<group>";
		};
		B61846DBCAB36AF202AC2C2A /* Pods */ = {
			isa = PBXGroup;
			children = (
				53B38117964375E88CD6D9F0 /* Pods-lich-plus.debug.xcconfig */,
				02D11C390F88348BF8025516 /* Pods-lich-plus.release.xcconfig */,
				A9297472D9054D213B4F2E5A /* Pods-lich-plusTests.debug.xcconfig */,
				20F724D6314ADC623454FBC8 /* Pods-lich-plusTests.release.xcconfig */,
			);
			path = Pods;
			sourceTree = "<group>";
		};
/* End PBXGroup section */

/* Begin PBXNativeTarget section */
		4DA45ED52ED108FE00C1F1F6 /* lich-plus */ = {
			isa = PBXNativeTarget;
			buildConfigurationList = 4DA45EF92ED1090100C1F1F6 /* Build configuration list for PBXNativeTarget "lich-plus" */;
			buildPhases = (
				6CBD79A0AD6965BC2F7B5EE8 /* [CP] Check Pods Manifest.lock */,
				4DA45ED22ED108FE00C1F1F6 /* Sources */,
				4DA45ED32ED108FE00C1F1F6 /* Frameworks */,
				4DA45ED42ED108FE00C1F1F6 /* Resources */,
				CA87253EA7F97BBDB9BBA9BA /* [CP] Copy Pods Resources */,
			);
			buildRules = (
			);
			dependencies = (
			);
			fileSystemSynchronizedGroups = (
				4DA45ED82ED108FE00C1F1F6 /* lich-plus */,
			);
			name = "lich-plus";
			productName = "lich-plus";
			productReference = 4DA45ED62ED108FE00C1F1F6 /* lich-plus.app */;
			productType = "com.apple.product-type.application";
		};
		4DA45EE42ED1090100C1F1F6 /* lich-plusTests */ = {
			isa = PBXNativeTarget;
			buildConfigurationList = 4DA45EFC2ED1090100C1F1F6 /* Build configuration list for PBXNativeTarget "lich-plusTests" */;
			buildPhases = (
				B8A94405962EE9A85C8721DC /* [CP] Check Pods Manifest.lock */,
				4DA45EE12ED1090100C1F1F6 /* Sources */,
				4DA45EE22ED1090100C1F1F6 /* Frameworks */,
				4DA45EE32ED1090100C1F1F6 /* Resources */,
			);
			buildRules = (
			);
			dependencies = (
				4DA45EE72ED1090100C1F1F6 /* PBXTargetDependency */,
			);
			fileSystemSynchronizedGroups = (
				4DA45EE82ED1090100C1F1F6 /* lich-plusTests */,
			);
			name = "lich-plusTests";
			productName = "lich-plusTests";
			productReference = 4DA45EE52ED1090100C1F1F6 /* lich-plusTests.xctest */;
			productType = "com.apple.product-type.bundle.unit-test";
		};
/* End PBXNativeTarget section */

/* Begin PBXProject section */
		4DA45ECE2ED108FE00C1F1F6 /* Project object */ = {
			isa = PBXProject;
			attributes = {
				BuildIndependentTargetsInParallel = 1;
				LastSwiftUpdateCheck = 2600;
				LastUpgradeCheck = 2600;
				TargetAttributes = {
					4DA45ED52ED108FE00C1F1F6 = {
						CreatedOnToolsVersion = 26.0.1;
					};
					4DA45EE42ED1090100C1F1F6 = {
						CreatedOnToolsVersion = 26.0.1;
						TestTargetID = 4DA45ED52ED108FE00C1F1F6;
					};
				};
			};
			buildConfigurationList = 4DA45ED12ED108FE00C1F1F6 /* Build configuration list for PBXProject "lich-plus" */;
			developmentRegion = en;
			hasScannedForEncodings = 0;
			knownRegions = (
				en,
				Base,
			);
			mainGroup = 4DA45ECD2ED108FE00C1F1F6;
			minimizedProjectReferenceProxies = 1;
			preferredProjectObjectVersion = 77;
			productRefGroup = 4DA45ED72ED108FE00C1F1F6 /* Products */;
			projectDirPath = "";
			projectRoot = "";
			targets = (
				4DA45ED52ED108FE00C1F1F6 /* lich-plus */,
				4DA45EE42ED1090100C1F1F6 /* lich-plusTests */,
			);
		};
/* End PBXProject section */

/* Begin PBXResourcesBuildPhase section */
		4DA45ED42ED108FE00C1F1F6 /* Resources */ = {
			isa = PBXResourcesBuildPhase;
			buildActionMask = 2147483647;
			files = (
			);
			runOnlyForDeploymentPostprocessing = 0;
		};
		4DA45EE32ED1090100C1F1F6 /* Resources */ = {
			isa = PBXResourcesBuildPhase;
			buildActionMask = 2147483647;
			files = (
			);
			runOnlyForDeploymentPostprocessing = 0;
		};
/* End PBXResourcesBuildPhase section */

/* Begin PBXShellScriptBuildPhase section */
		6CBD79A0AD6965BC2F7B5EE8 /* [CP] Check Pods Manifest.lock */ = {
			isa = PBXShellScriptBuildPhase;
			buildActionMask = 2147483647;
			files = (
			);
			inputFileListPaths = (
			);
			inputPaths = (
				"${PODS_PODFILE_DIR_PATH}/Podfile.lock",
				"${PODS_ROOT}/Manifest.lock",
			);
			name = "[CP] Check Pods Manifest.lock";
			outputFileListPaths = (
			);
			outputPaths = (
				"$(DERIVED_FILE_DIR)/Pods-lich-plus-checkManifestLockResult.txt",
			);
			runOnlyForDeploymentPostprocessing = 0;
			shellPath = /bin/sh;
			shellScript = "diff \"${PODS_PODFILE_DIR_PATH}/Podfile.lock\" \"${PODS_ROOT}/Manifest.lock\" > /dev/null\nif [ $? != 0 ] ; then\n    # print error to STDERR\n    echo \"error: The sandbox is not in sync with the Podfile.lock. Run 'pod install' or update your CocoaPods installation.\" >&2\n    exit 1\nfi\n# This output is used by Xcode 'outputs' to avoid re-running this script phase.\necho \"SUCCESS\" > \"${SCRIPT_OUTPUT_FILE_0}\"\n";
			showEnvVarsInLog = 0;
		};
		B8A94405962EE9A85C8721DC /* [CP] Check Pods Manifest.lock */ = {
			isa = PBXShellScriptBuildPhase;
			buildActionMask = 2147483647;
			files = (
			);
			inputFileListPaths = (
			);
			inputPaths = (
				"${PODS_PODFILE_DIR_PATH}/Podfile.lock",
				"${PODS_ROOT}/Manifest.lock",
			);
			name = "[CP] Check Pods Manifest.lock";
			outputFileListPaths = (
			);
			outputPaths = (
				"$(DERIVED_FILE_DIR)/Pods-lich-plusTests-checkManifestLockResult.txt",
			);
			runOnlyForDeploymentPostprocessing = 0;
			shellPath = /bin/sh;
			shellScript = "diff \"${PODS_PODFILE_DIR_PATH}/Podfile.lock\" \"${PODS_ROOT}/Manifest.lock\" > /dev/null\nif [ $? != 0 ] ; then\n    # print error to STDERR\n    echo \"error: The sandbox is not in sync with the Podfile.lock. Run 'pod install' or update your CocoaPods installation.\" >&2\n    exit 1\nfi\n# This output is used by Xcode 'outputs' to avoid re-running this script phase.\necho \"SUCCESS\" > \"${SCRIPT_OUTPUT_FILE_0}\"\n";
			showEnvVarsInLog = 0;
		};
		CA87253EA7F97BBDB9BBA9BA /* [CP] Copy Pods Resources */ = {
			isa = PBXShellScriptBuildPhase;
			buildActionMask = 2147483647;
			files = (
			);
			inputFileListPaths = (
				"${PODS_ROOT}/Target Support Files/Pods-lich-plus/Pods-lich-plus-resources-${CONFIGURATION}-input-files.xcfilelist",
			);
			name = "[CP] Copy Pods Resources";
			outputFileListPaths = (
				"${PODS_ROOT}/Target Support Files/Pods-lich-plus/Pods-lich-plus-resources-${CONFIGURATION}-output-files.xcfilelist",
			);
			runOnlyForDeploymentPostprocessing = 0;
			shellPath = /bin/sh;
			shellScript = "\"${PODS_ROOT}/Target Support Files/Pods-lich-plus/Pods-lich-plus-resources.sh\"\n";
			showEnvVarsInLog = 0;
		};
/* End PBXShellScriptBuildPhase section */

/* Begin PBXSourcesBuildPhase section */
		4DA45ED22ED108FE00C1F1F6 /* Sources */ = {
			isa = PBXSourcesBuildPhase;
			buildActionMask = 2147483647;
			files = (
			);
			runOnlyForDeploymentPostprocessing = 0;
		};
		4DA45EE12ED1090100C1F1F6 /* Sources */ = {
			isa = PBXSourcesBuildPhase;
			buildActionMask = 2147483647;
			files = (
			);
			runOnlyForDeploymentPostprocessing = 0;
		};
/* End PBXSourcesBuildPhase section */

/* Begin PBXTargetDependency section */
		4DA45EE72ED1090100C1F1F6 /* PBXTargetDependency */ = {
			isa = PBXTargetDependency;
			target = 4DA45ED52ED108FE00C1F1F6 /* lich-plus */;
			targetProxy = 4DA45EE62ED1090100C1F1F6 /* PBXContainerItemProxy */;
		};
/* End PBXTargetDependency section */

/* Begin XCBuildConfiguration section */
		4DA45EF72ED1090100C1F1F6 /* Debug */ = {
			isa = XCBuildConfiguration;
			buildSettings = {
				ALWAYS_SEARCH_USER_PATHS = NO;
				ASSETCATALOG_COMPILER_GENERATE_SWIFT_ASSET_SYMBOL_EXTENSIONS = YES;
				CLANG_ANALYZER_NONNULL = YES;
				CLANG_ANALYZER_NUMBER_OBJECT_CONVERSION = YES_AGGRESSIVE;
				CLANG_CXX_LANGUAGE_STANDARD = "gnu++20";
				CLANG_ENABLE_MODULES = YES;
				CLANG_ENABLE_OBJC_ARC = YES;
				CLANG_ENABLE_OBJC_WEAK = YES;
				CLANG_WARN_BLOCK_CAPTURE_AUTORELEASING = YES;
				CLANG_WARN_BOOL_CONVERSION = YES;
				CLANG_WARN_COMMA = YES;
				CLANG_WARN_CONSTANT_CONVERSION = YES;
				CLANG_WARN_DEPRECATED_OBJC_IMPLEMENTATIONS = YES;
				CLANG_WARN_DIRECT_OBJC_ISA_USAGE = YES_ERROR;
				CLANG_WARN_DOCUMENTATION_COMMENTS = YES;
				CLANG_WARN_EMPTY_BODY = YES;
				CLANG_WARN_ENUM_CONVERSION = YES;
				CLANG_WARN_INFINITE_RECURSION = YES;
				CLANG_WARN_INT_CONVERSION = YES;
				CLANG_WARN_NON_LITERAL_NULL_CONVERSION = YES;
				CLANG_WARN_OBJC_IMPLICIT_RETAIN_SELF = YES;
				CLANG_WARN_OBJC_LITERAL_CONVERSION = YES;
				CLANG_WARN_OBJC_ROOT_CLASS = YES_ERROR;
				CLANG_WARN_QUOTED_INCLUDE_IN_FRAMEWORK_HEADER = YES;
				CLANG_WARN_RANGE_LOOP_ANALYSIS = YES;
				CLANG_WARN_STRICT_PROTOTYPES = YES;
				CLANG_WARN_SUSPICIOUS_MOVE = YES;
				CLANG_WARN_UNGUARDED_AVAILABILITY = YES_AGGRESSIVE;
				CLANG_WARN_UNREACHABLE_CODE = YES;
				CLANG_WARN__DUPLICATE_METHOD_MATCH = YES;
				COPY_PHASE_STRIP = NO;
				DEBUG_INFORMATION_FORMAT = dwarf;
				ENABLE_STRICT_OBJC_MSGSEND = YES;
				ENABLE_TESTABILITY = YES;
				ENABLE_USER_SCRIPT_SANDBOXING = NO;
				GCC_C_LANGUAGE_STANDARD = gnu17;
				GCC_DYNAMIC_NO_PIC = NO;
				GCC_NO_COMMON_BLOCKS = YES;
				GCC_OPTIMIZATION_LEVEL = 0;
				GCC_PREPROCESSOR_DEFINITIONS = (
					"DEBUG=1",
					"$(inherited)",
				);
				GCC_WARN_64_TO_32_BIT_CONVERSION = YES;
				GCC_WARN_ABOUT_RETURN_TYPE = YES_ERROR;
				GCC_WARN_UNDECLARED_SELECTOR = YES;
				GCC_WARN_UNINITIALIZED_AUTOS = YES_AGGRESSIVE;
				GCC_WARN_UNUSED_FUNCTION = YES;
				GCC_WARN_UNUSED_VARIABLE = YES;
				IPHONEOS_DEPLOYMENT_TARGET = 17.0;
				LOCALIZATION_PREFERS_STRING_CATALOGS = YES;
				MTL_ENABLE_DEBUG_INFO = INCLUDE_SOURCE;
				MTL_FAST_MATH = YES;
				ONLY_ACTIVE_ARCH = YES;
				SDKROOT = iphoneos;
				SWIFT_ACTIVE_COMPILATION_CONDITIONS = "DEBUG $(inherited)";
				SWIFT_EMIT_LOC_STRINGS = YES;
				SWIFT_OPTIMIZATION_LEVEL = "-Onone";
			};
			name = Debug;
		};
		4DA45EF82ED1090100C1F1F6 /* Release */ = {
			isa = XCBuildConfiguration;
			buildSettings = {
				ALWAYS_SEARCH_USER_PATHS = NO;
				ASSETCATALOG_COMPILER_GENERATE_SWIFT_ASSET_SYMBOL_EXTENSIONS = YES;
				CLANG_ANALYZER_NONNULL = YES;
				CLANG_ANALYZER_NUMBER_OBJECT_CONVERSION = YES_AGGRESSIVE;
				CLANG_CXX_LANGUAGE_STANDARD = "gnu++20";
				CLANG_ENABLE_MODULES = YES;
				CLANG_ENABLE_OBJC_ARC = YES;
				CLANG_ENABLE_OBJC_WEAK = YES;
				CLANG_WARN_BLOCK_CAPTURE_AUTORELEASING = YES;
				CLANG_WARN_BOOL_CONVERSION = YES;
				CLANG_WARN_COMMA = YES;
				CLANG_WARN_CONSTANT_CONVERSION = YES;
				CLANG_WARN_DEPRECATED_OBJC_IMPLEMENTATIONS = YES;
				CLANG_WARN_DIRECT_OBJC_ISA_USAGE = YES_ERROR;
				CLANG_WARN_DOCUMENTATION_COMMENTS = YES;
				CLANG_WARN_EMPTY_BODY = YES;
				CLANG_WARN_ENUM_CONVERSION = YES;
				CLANG_WARN_INFINITE_RECURSION = YES;
				CLANG_WARN_INT_CONVERSION = YES;
				CLANG_WARN_NON_LITERAL_NULL_CONVERSION = YES;
				CLANG_WARN_OBJC_IMPLICIT_RETAIN_SELF = YES;
				CLANG_WARN_OBJC_LITERAL_CONVERSION = YES;
				CLANG_WARN_OBJC_ROOT_CLASS = YES_ERROR;
				CLANG_WARN_QUOTED_INCLUDE_IN_FRAMEWORK_HEADER = YES;
				CLANG_WARN_RANGE_LOOP_ANALYSIS = YES;
				CLANG_WARN_STRICT_PROTOTYPES = YES;
				CLANG_WARN_SUSPICIOUS_MOVE = YES;
				CLANG_WARN_UNGUARDED_AVAILABILITY = YES_AGGRESSIVE;
				CLANG_WARN_UNREACHABLE_CODE = YES;
				CLANG_WARN__DUPLICATE_METHOD_MATCH = YES;
				COPY_PHASE_STRIP = NO;
				DEBUG_INFORMATION_FORMAT = "dwarf-with-dsym";
				ENABLE_NS_ASSERTIONS = NO;
				ENABLE_STRICT_OBJC_MSGSEND = YES;
				ENABLE_USER_SCRIPT_SANDBOXING = NO;
				GCC_C_LANGUAGE_STANDARD = gnu17;
				GCC_NO_COMMON_BLOCKS = YES;
				GCC_WARN_64_TO_32_BIT_CONVERSION = YES;
				GCC_WARN_ABOUT_RETURN_TYPE = YES_ERROR;
				GCC_WARN_UNDECLARED_SELECTOR = YES;
				GCC_WARN_UNINITIALIZED_AUTOS = YES_AGGRESSIVE;
				GCC_WARN_UNUSED_FUNCTION = YES;
				GCC_WARN_UNUSED_VARIABLE = YES;
				IPHONEOS_DEPLOYMENT_TARGET = 17.0;
				LOCALIZATION_PREFERS_STRING_CATALOGS = YES;
				MTL_ENABLE_DEBUG_INFO = NO;
				MTL_FAST_MATH = YES;
				SDKROOT = iphoneos;
				SWIFT_COMPILATION_MODE = wholemodule;
				SWIFT_EMIT_LOC_STRINGS = YES;
				VALIDATE_PRODUCT = YES;
			};
			name = Release;
		};
		4DA45EFA2ED1090100C1F1F6 /* Debug */ = {
			isa = XCBuildConfiguration;
			baseConfigurationReference = 53B38117964375E88CD6D9F0 /* Pods-lich-plus.debug.xcconfig */;
			buildSettings = {
				ASSETCATALOG_COMPILER_APPICON_NAME = AppIcon;
				ASSETCATALOG_COMPILER_GLOBAL_ACCENT_COLOR_NAME = AccentColor;
				CODE_SIGN_ENTITLEMENTS = "lich-plus/lich-plus.entitlements";
				"CODE_SIGN_IDENTITY[sdk=iphoneos*]" = "iPhone Developer";
				CODE_SIGN_STYLE = Manual;
				CURRENT_PROJECT_VERSION = 1;
				DEVELOPMENT_TEAM = "";
				"DEVELOPMENT_TEAM[sdk=iphoneos*]" = WVYA86B7LC;
				ENABLE_PREVIEWS = YES;
				GENERATE_INFOPLIST_FILE = YES;
				INFOPLIST_FILE = "lich-plus/Info.plist";
				INFOPLIST_KEY_NSCalendarsFullAccessUsageDescription = "Lich+ syncs your events with Apple Calendar to show them in the app and keep them updated across devices.";
				INFOPLIST_KEY_NSCalendarsUsageDescription = "Lich+ syncs your events with Apple Calendar to show them in the app and keep them updated across devices.";
				INFOPLIST_KEY_UIApplicationSceneManifest_Generation = YES;
				INFOPLIST_KEY_UIApplicationSupportsIndirectInputEvents = YES;
				INFOPLIST_KEY_UILaunchScreen_Generation = YES;
				INFOPLIST_KEY_UISupportedInterfaceOrientations_iPad = "UIInterfaceOrientationPortrait UIInterfaceOrientationPortraitUpsideDown UIInterfaceOrientationLandscapeLeft UIInterfaceOrientationLandscapeRight";
				INFOPLIST_KEY_UISupportedInterfaceOrientations_iPhone = "UIInterfaceOrientationPortrait UIInterfaceOrientationLandscapeLeft UIInterfaceOrientationLandscapeRight";
				LD_RUNPATH_SEARCH_PATHS = (
					"$(inherited)",
					"@executable_path/Frameworks",
				);
				MARKETING_VERSION = 1.0;
				PRODUCT_BUNDLE_IDENTIFIER = "com.qtran.lich-plus";
				PRODUCT_NAME = "$(TARGET_NAME)";
				PROVISIONING_PROFILE_SPECIFIER = "";
				"PROVISIONING_PROFILE_SPECIFIER[sdk=iphoneos*]" = quang_apple_all_dev;
				STRING_CATALOG_GENERATE_SYMBOLS = YES;
				SWIFT_APPROACHABLE_CONCURRENCY = YES;
				SWIFT_DEFAULT_ACTOR_ISOLATION = MainActor;
				SWIFT_EMIT_LOC_STRINGS = YES;
				SWIFT_OBJC_BRIDGING_HEADER = "lich-plus/lich-plus-Bridging-Header.h";
				SWIFT_UPCOMING_FEATURE_MEMBER_IMPORT_VISIBILITY = YES;
				SWIFT_VERSION = 5.0;
				TARGETED_DEVICE_FAMILY = "1,2";
			};
			name = Debug;
		};
		4DA45EFB2ED1090100C1F1F6 /* Release */ = {
			isa = XCBuildConfiguration;
			baseConfigurationReference = 02D11C390F88348BF8025516 /* Pods-lich-plus.release.xcconfig */;
			buildSettings = {
				ASSETCATALOG_COMPILER_APPICON_NAME = AppIcon;
				ASSETCATALOG_COMPILER_GLOBAL_ACCENT_COLOR_NAME = AccentColor;
				CODE_SIGN_ENTITLEMENTS = "lich-plus/lich-plus.entitlements";
				"CODE_SIGN_IDENTITY[sdk=iphoneos*]" = "iPhone Developer";
				CODE_SIGN_STYLE = Manual;
				CURRENT_PROJECT_VERSION = 1;
				DEVELOPMENT_TEAM = "";
				"DEVELOPMENT_TEAM[sdk=iphoneos*]" = WVYA86B7LC;
				ENABLE_PREVIEWS = YES;
				GENERATE_INFOPLIST_FILE = YES;
				INFOPLIST_FILE = "lich-plus/Info.plist";
				INFOPLIST_KEY_NSCalendarsFullAccessUsageDescription = "Lich+ syncs your events with Apple Calendar to show them in the app and keep them updated across devices.";
				INFOPLIST_KEY_NSCalendarsUsageDescription = "Lich+ syncs your events with Apple Calendar to show them in the app and keep them updated across devices.";
				INFOPLIST_KEY_UIApplicationSceneManifest_Generation = YES;
				INFOPLIST_KEY_UIApplicationSupportsIndirectInputEvents = YES;
				INFOPLIST_KEY_UILaunchScreen_Generation = YES;
				INFOPLIST_KEY_UISupportedInterfaceOrientations_iPad = "UIInterfaceOrientationPortrait UIInterfaceOrientationPortraitUpsideDown UIInterfaceOrientationLandscapeLeft UIInterfaceOrientationLandscapeRight";
				INFOPLIST_KEY_UISupportedInterfaceOrientations_iPhone = "UIInterfaceOrientationPortrait UIInterfaceOrientationLandscapeLeft UIInterfaceOrientationLandscapeRight";
				LD_RUNPATH_SEARCH_PATHS = (
					"$(inherited)",
					"@executable_path/Frameworks",
				);
				MARKETING_VERSION = 1.0;
				PRODUCT_BUNDLE_IDENTIFIER = "com.qtran.lich-plus";
				PRODUCT_NAME = "$(TARGET_NAME)";
				PROVISIONING_PROFILE_SPECIFIER = "";
				"PROVISIONING_PROFILE_SPECIFIER[sdk=iphoneos*]" = quang_apple_all_dev;
				STRING_CATALOG_GENERATE_SYMBOLS = YES;
				SWIFT_APPROACHABLE_CONCURRENCY = YES;
				SWIFT_DEFAULT_ACTOR_ISOLATION = MainActor;
				SWIFT_EMIT_LOC_STRINGS = YES;
				SWIFT_OBJC_BRIDGING_HEADER = "lich-plus/lich-plus-Bridging-Header.h";
				SWIFT_UPCOMING_FEATURE_MEMBER_IMPORT_VISIBILITY = YES;
				SWIFT_VERSION = 5.0;
				TARGETED_DEVICE_FAMILY = "1,2";
			};
			name = Release;
		};
		4DA45EFD2ED1090100C1F1F6 /* Debug */ = {
			isa = XCBuildConfiguration;
			baseConfigurationReference = A9297472D9054D213B4F2E5A /* Pods-lich-plusTests.debug.xcconfig */;
			buildSettings = {
				BUNDLE_LOADER = "$(TEST_HOST)";
				CODE_SIGN_STYLE = Automatic;
				CURRENT_PROJECT_VERSION = 1;
				GENERATE_INFOPLIST_FILE = YES;
				IPHONEOS_DEPLOYMENT_TARGET = 17.0;
				MARKETING_VERSION = 1.0;
				PRODUCT_BUNDLE_IDENTIFIER = "com.qtran.lich-plusTests";
				PRODUCT_NAME = "$(TARGET_NAME)";
				STRING_CATALOG_GENERATE_SYMBOLS = NO;
				SWIFT_APPROACHABLE_CONCURRENCY = YES;
				SWIFT_EMIT_LOC_STRINGS = NO;
				SWIFT_UPCOMING_FEATURE_MEMBER_IMPORT_VISIBILITY = YES;
				SWIFT_VERSION = 5.0;
				TARGETED_DEVICE_FAMILY = "1,2";
				TEST_HOST = "$(BUILT_PRODUCTS_DIR)/lich-plus.app/$(BUNDLE_EXECUTABLE_FOLDER_PATH)/lich-plus";
			};
			name = Debug;
		};
		4DA45EFE2ED1090100C1F1F6 /* Release */ = {
			isa = XCBuildConfiguration;
			baseConfigurationReference = 20F724D6314ADC623454FBC8 /* Pods-lich-plusTests.release.xcconfig */;
			buildSettings = {
				BUNDLE_LOADER = "$(TEST_HOST)";
				CODE_SIGN_STYLE = Automatic;
				CURRENT_PROJECT_VERSION = 1;
				GENERATE_INFOPLIST_FILE = YES;
				IPHONEOS_DEPLOYMENT_TARGET = 17.0;
				MARKETING_VERSION = 1.0;
				PRODUCT_BUNDLE_IDENTIFIER = "com.qtran.lich-plusTests";
				PRODUCT_NAME = "$(TARGET_NAME)";
				STRING_CATALOG_GENERATE_SYMBOLS = NO;
				SWIFT_APPROACHABLE_CONCURRENCY = YES;
				SWIFT_EMIT_LOC_STRINGS = NO;
				SWIFT_UPCOMING_FEATURE_MEMBER_IMPORT_VISIBILITY = YES;
				SWIFT_VERSION = 5.0;
				TARGETED_DEVICE_FAMILY = "1,2";
				TEST_HOST = "$(BUILT_PRODUCTS_DIR)/lich-plus.app/$(BUNDLE_EXECUTABLE_FOLDER_PATH)/lich-plus";
			};
			name = Release;
		};
/* End XCBuildConfiguration section */

/* Begin XCConfigurationList section */
		4DA45ED12ED108FE00C1F1F6 /* Build configuration list for PBXProject "lich-plus" */ = {
			isa = XCConfigurationList;
			buildConfigurations = (
				4DA45EF72ED1090100C1F1F6 /* Debug */,
				4DA45EF82ED1090100C1F1F6 /* Release */,
			);
			defaultConfigurationIsVisible = 0;
			defaultConfigurationName = Release;
		};
		4DA45EF92ED1090100C1F1F6 /* Build configuration list for PBXNativeTarget "lich-plus" */ = {
			isa = XCConfigurationList;
			buildConfigurations = (
				4DA45EFA2ED1090100C1F1F6 /* Debug */,
				4DA45EFB2ED1090100C1F1F6 /* Release */,
			);
			defaultConfigurationIsVisible = 0;
			defaultConfigurationName = Release;
		};
		4DA45EFC2ED1090100C1F1F6 /* Build configuration list for PBXNativeTarget "lich-plusTests" */ = {
			isa = XCConfigurationList;
			buildConfigurations = (
				4DA45EFD2ED1090100C1F1F6 /* Debug */,
				4DA45EFE2ED1090100C1F1F6 /* Release */,
			);
			defaultConfigurationIsVisible = 0;
			defaultConfigurationName = Release;
		};
/* End XCConfigurationList section */
	};
	rootObject = 4DA45ECE2ED108FE00C1F1F6 /* Project object */;
}
